
Microsoft Visual Studio Solution File, Format Version 12.00
# Visual Studio 15
VisualStudioVersion = 15.0.27130.2003
MinimumVisualStudioVersion = 10.0.40219.1
Project("{FAE04EC0-301F-11D3-BF4B-00C04F79EFBC}") = "MagicHamster.GrocerySamurai.Model", "MagicHamster.GrocerySamurai.Model\MagicHamster.GrocerySamurai.Model.csproj", "{242E5CC5-D9CE-4D76-A6DA-2176BD258368}"
EndProject
Project("{FAE04EC0-301F-11D3-BF4B-00C04F79EFBC}") = "MagicHamster.GrocerySamurai.DataAccess", "MagicHamster.GrocerySamurai.DataAccess\MagicHamster.GrocerySamurai.DataAccess.csproj", "{1D1A78DE-498D-4FE3-8A03-4417B3D0AB3B}"
EndProject
Global
	GlobalSection(SolutionConfigurationPlatforms) = preSolution
		Debug|Any CPU = Debug|Any CPU
		Release|Any CPU = Release|Any CPU
	EndGlobalSection
	GlobalSection(ProjectConfigurationPlatforms) = postSolution
		{242E5CC5-D9CE-4D76-A6DA-2176BD258368}.Debug|Any CPU.ActiveCfg = Debug|Any CPU
		{242E5CC5-D9CE-4D76-A6DA-2176BD258368}.Debug|Any CPU.Build.0 = Debug|Any CPU
		{242E5CC5-D9CE-4D76-A6DA-2176BD258368}.Release|Any CPU.ActiveCfg = Release|Any CPU
		{242E5CC5-D9CE-4D76-A6DA-2176BD258368}.Release|Any CPU.Build.0 = Release|Any CPU
		{1D1A78DE-498D-4FE3-8A03-4417B3D0AB3B}.Debug|Any CPU.ActiveCfg = Debug|Any CPU
		{1D1A78DE-498D-4FE3-8A03-4417B3D0AB3B}.Debug|Any CPU.Build.0 = Debug|Any CPU
		{1D1A78DE-498D-4FE3-8A03-4417B3D0AB3B}.Release|Any CPU.ActiveCfg = Release|Any CPU
		{1D1A78DE-498D-4FE3-8A03-4417B3D0AB3B}.Release|Any CPU.Build.0 = Release|Any CPU
	EndGlobalSection
	GlobalSection(SolutionProperties) = preSolution
		HideSolutionNode = FALSE
	EndGlobalSection
	GlobalSection(ExtensibilityGlobals) = postSolution
		SolutionGuid = {F4F6DA56-C80E-4F5D-96DF-571CBB03CF42}
	EndGlobalSection
EndGlobal
